// !$*UTF8*$!
{
	archiveVersion = 1;
	classes = {
	};
	objectVersion = 46;
	objects = {

/* Begin PBXBuildFile section */
		E43A56261892629800559FDE /* OpenGL.framework in Frameworks */ = {isa = PBXBuildFile; fileRef = E43A56251892629800559FDE /* OpenGL.framework */; };
		E43A56281892629800559FDE /* GLUT.framework in Frameworks */ = {isa = PBXBuildFile; fileRef = E43A56271892629800559FDE /* GLUT.framework */; };
		E43A5646189262B600559FDE /* fluidsim.cpp in Sources */ = {isa = PBXBuildFile; fileRef = E43A5638189262B600559FDE /* fluidsim.cpp */; };
		E43A5647189262B600559FDE /* gluvi.cpp in Sources */ = {isa = PBXBuildFile; fileRef = E43A563A189262B600559FDE /* gluvi.cpp */; };
		E43A5648189262B600559FDE /* main.cpp in Sources */ = {isa = PBXBuildFile; fileRef = E43A563C189262B600559FDE /* main.cpp */; };
		E43A5649189262B600559FDE /* openglutils.cpp in Sources */ = {isa = PBXBuildFile; fileRef = E43A563D189262B600559FDE /* openglutils.cpp */; };
/* End PBXBuildFile section */

/* Begin PBXCopyFilesBuildPhase section */
		E43A56201892629700559FDE /* CopyFiles */ = {
			isa = PBXCopyFilesBuildPhase;
			buildActionMask = 2147483647;
			dstPath = /usr/share/man/man1/;
			dstSubfolderSpec = 0;
			files = (
			);
			runOnlyForDeploymentPostprocessing = 1;
		};
/* End PBXCopyFilesBuildPhase section */

/* Begin PBXFileReference section */
		E43A56221892629700559FDE /* test */ = {isa = PBXFileReference; explicitFileType = "compiled.mach-o.executable"; includeInIndex = 0; path = test; sourceTree = BUILT_PRODUCTS_DIR; };
		E43A56251892629800559FDE /* OpenGL.framework */ = {isa = PBXFileReference; lastKnownFileType = wrapper.framework; name = OpenGL.framework; path = System/Library/Frameworks/OpenGL.framework; sourceTree = SDKROOT; };
		E43A56271892629800559FDE /* GLUT.framework */ = {isa = PBXFileReference; lastKnownFileType = wrapper.framework; name = GLUT.framework; path = System/Library/Frameworks/GLUT.framework; sourceTree = SDKROOT; };
		E43A5635189262B600559FDE /* array1.h */ = {isa = PBXFileReference; fileEncoding = 4; lastKnownFileType = sourcecode.c.h; path = array1.h; sourceTree = "<group>"; };
		E43A5636189262B600559FDE /* array2.h */ = {isa = PBXFileReference; fileEncoding = 4; lastKnownFileType = sourcecode.c.h; path = array2.h; sourceTree = "<group>"; };
		E43A5637189262B600559FDE /* array2_utils.h */ = {isa = PBXFileReference; fileEncoding = 4; lastKnownFileType = sourcecode.c.h; path = array2_utils.h; sourceTree = "<group>"; };
		E43A5638189262B600559FDE /* fluidsim.cpp */ = {isa = PBXFileReference; fileEncoding = 4; lastKnownFileType = sourcecode.cpp.cpp; path = fluidsim.cpp; sourceTree = "<group>"; };
		E43A5639189262B600559FDE /* fluidsim.h */ = {isa = PBXFileReference; fileEncoding = 4; lastKnownFileType = sourcecode.c.h; path = fluidsim.h; sourceTree = "<group>"; };
		E43A563A189262B600559FDE /* gluvi.cpp */ = {isa = PBXFileReference; fileEncoding = 4; lastKnownFileType = sourcecode.cpp.cpp; path = gluvi.cpp; sourceTree = "<group>"; };
		E43A563B189262B600559FDE /* gluvi.h */ = {isa = PBXFileReference; fileEncoding = 4; lastKnownFileType = sourcecode.c.h; path = gluvi.h; sourceTree = "<group>"; };
		E43A563C189262B600559FDE /* main.cpp */ = {isa = PBXFileReference; fileEncoding = 4; lastKnownFileType = sourcecode.cpp.cpp; path = main.cpp; sourceTree = "<group>"; };
		E43A563D189262B600559FDE /* openglutils.cpp */ = {isa = PBXFileReference; fileEncoding = 4; lastKnownFileType = sourcecode.cpp.cpp; path = openglutils.cpp; sourceTree = "<group>"; };
		E43A563E189262B600559FDE /* openglutils.h */ = {isa = PBXFileReference; fileEncoding = 4; lastKnownFileType = sourcecode.c.h; path = openglutils.h; sourceTree = "<group>"; };
		E43A5640189262B600559FDE /* blas_wrapper.h */ = {isa = PBXFileReference; fileEncoding = 4; lastKnownFileType = sourcecode.c.h; path = blas_wrapper.h; sourceTree = "<group>"; };
		E43A5641189262B600559FDE /* pcg_solver.h */ = {isa = PBXFileReference; fileEncoding = 4; lastKnownFileType = sourcecode.c.h; path = pcg_solver.h; sourceTree = "<group>"; };
		E43A5642189262B600559FDE /* sparse_matrix.h */ = {isa = PBXFileReference; fileEncoding = 4; lastKnownFileType = sourcecode.c.h; path = sparse_matrix.h; sourceTree = "<group>"; };
		E43A5643189262B600559FDE /* README.md */ = {isa = PBXFileReference; fileEncoding = 4; lastKnownFileType = text; path = README.md; sourceTree = "<group>"; };
		E43A5644189262B600559FDE /* util.h */ = {isa = PBXFileReference; fileEncoding = 4; lastKnownFileType = sourcecode.c.h; path = util.h; sourceTree = "<group>"; };
		E43A5645189262B600559FDE /* vec.h */ = {isa = PBXFileReference; fileEncoding = 4; lastKnownFileType = sourcecode.c.h; path = vec.h; sourceTree = "<group>"; };
/* End PBXFileReference section */

/* Begin PBXFrameworksBuildPhase section */
		E43A561F1892629700559FDE /* Frameworks */ = {
			isa = PBXFrameworksBuildPhase;
			buildActionMask = 2147483647;
			files = (
				E43A56281892629800559FDE /* GLUT.framework in Frameworks */,
				E43A56261892629800559FDE /* OpenGL.framework in Frameworks */,
			);
			runOnlyForDeploymentPostprocessing = 0;
		};
/* End PBXFrameworksBuildPhase section */

/* Begin PBXGroup section */
		E43A56191892629700559FDE = {
			isa = PBXGroup;
			children = (
				E43A5634189262B600559FDE /* src */,
				E43A56241892629800559FDE /* Frameworks */,
				E43A56231892629700559FDE /* Products */,
			);
			sourceTree = "<group>";
		};
		E43A56231892629700559FDE /* Products */ = {
			isa = PBXGroup;
			children = (
				E43A56221892629700559FDE /* test */,
			);
			name = Products;
			sourceTree = "<group>";
		};
		E43A56241892629800559FDE /* Frameworks */ = {
			isa = PBXGroup;
			children = (
				E43A56251892629800559FDE /* OpenGL.framework */,
				E43A56271892629800559FDE /* GLUT.framework */,
			);
			name = Frameworks;
			sourceTree = "<group>";
		};
		E43A5634189262B600559FDE /* src */ = {
			isa = PBXGroup;
			children = (
				E43A5635189262B600559FDE /* array1.h */,
				E43A5636189262B600559FDE /* array2.h */,
				E43A5637189262B600559FDE /* array2_utils.h */,
				E43A5638189262B600559FDE /* fluidsim.cpp */,
				E43A5639189262B600559FDE /* fluidsim.h */,
				E43A563A189262B600559FDE /* gluvi.cpp */,
				E43A563B189262B600559FDE /* gluvi.h */,
				E43A563C189262B600559FDE /* main.cpp */,
				E43A563D189262B600559FDE /* openglutils.cpp */,
				E43A563E189262B600559FDE /* openglutils.h */,
				E43A563F189262B600559FDE /* pcgsolver */,
				E43A5643189262B600559FDE /* README.md */,
				E43A5644189262B600559FDE /* util.h */,
				E43A5645189262B600559FDE /* vec.h */,
			);
			path = src;
			sourceTree = "<group>";
		};
		E43A563F189262B600559FDE /* pcgsolver */ = {
			isa = PBXGroup;
			children = (
				E43A5640189262B600559FDE /* blas_wrapper.h */,
				E43A5641189262B600559FDE /* pcg_solver.h */,
				E43A5642189262B600559FDE /* sparse_matrix.h */,
			);
			path = pcgsolver;
			sourceTree = "<group>";
		};
/* End PBXGroup section */

/* Begin PBXNativeTarget section */
		E43A56211892629700559FDE /* test */ = {
			isa = PBXNativeTarget;
			buildConfigurationList = E43A56311892629800559FDE /* Build configuration list for PBXNativeTarget "test" */;
			buildPhases = (
				E43A561E1892629700559FDE /* Sources */,
				E43A561F1892629700559FDE /* Frameworks */,
				E43A56201892629700559FDE /* CopyFiles */,
			);
			buildRules = (
			);
			dependencies = (
			);
			name = test;
			productName = test;
			productReference = E43A56221892629700559FDE /* test */;
			productType = "com.apple.product-type.tool";
		};
/* End PBXNativeTarget section */

/* Begin PBXProject section */
		E43A561A1892629700559FDE /* Project object */ = {
			isa = PBXProject;
			attributes = {
				LastUpgradeCheck = 0500;
				ORGANIZATIONNAME = "Rhody Lugo";
			};
			buildConfigurationList = E43A561D1892629700559FDE /* Build configuration list for PBXProject "test" */;
			compatibilityVersion = "Xcode 3.2";
			developmentRegion = English;
			hasScannedForEncodings = 0;
			knownRegions = (
				en,
			);
			mainGroup = E43A56191892629700559FDE;
			productRefGroup = E43A56231892629700559FDE /* Products */;
			projectDirPath = "";
			projectRoot = "";
			targets = (
				E43A56211892629700559FDE /* test */,
			);
		};
/* End PBXProject section */

/* Begin PBXSourcesBuildPhase section */
		E43A561E1892629700559FDE /* Sources */ = {
			isa = PBXSourcesBuildPhase;
			buildActionMask = 2147483647;
			files = (
				E43A5647189262B600559FDE /* gluvi.cpp in Sources */,
				E43A5646189262B600559FDE /* fluidsim.cpp in Sources */,
				E43A5648189262B600559FDE /* main.cpp in Sources */,
				E43A5649189262B600559FDE /* openglutils.cpp in Sources */,
			);
			runOnlyForDeploymentPostprocessing = 0;
		};
/* End PBXSourcesBuildPhase section */

/* Begin XCBuildConfiguration section */
		E43A562F1892629800559FDE /* Debug */ = {
			isa = XCBuildConfiguration;
			buildSettings = {
				ALWAYS_SEARCH_USER_PATHS = NO;
				CLANG_CXX_LANGUAGE_STANDARD = "gnu++0x";
				CLANG_CXX_LIBRARY = "libc++";
				CLANG_ENABLE_OBJC_ARC = YES;
				CLANG_WARN_BOOL_CONVERSION = YES;
				CLANG_WARN_CONSTANT_CONVERSION = YES;
				CLANG_WARN_DIRECT_OBJC_ISA_USAGE = YES_ERROR;
				CLANG_WARN_EMPTY_BODY = YES;
				CLANG_WARN_ENUM_CONVERSION = YES;
				CLANG_WARN_INT_CONVERSION = YES;
				CLANG_WARN_OBJC_ROOT_CLASS = YES_ERROR;
				CLANG_WARN__DUPLICATE_METHOD_MATCH = YES;
				COPY_PHASE_STRIP = NO;
				GCC_C_LANGUAGE_STANDARD = gnu99;
				GCC_DYNAMIC_NO_PIC = NO;
				GCC_ENABLE_OBJC_EXCEPTIONS = YES;
				GCC_OPTIMIZATION_LEVEL = 0;
				GCC_PREPROCESSOR_DEFINITIONS = (
					"DEBUG=1",
					"$(inherited)",
				);
				GCC_SYMBOLS_PRIVATE_EXTERN = NO;
				GCC_WARN_64_TO_32_BIT_CONVERSION = YES;
				GCC_WARN_ABOUT_RETURN_TYPE = YES_ERROR;
				GCC_WARN_UNDECLARED_SELECTOR = YES;
				GCC_WARN_UNINITIALIZED_AUTOS = YES;
				GCC_WARN_UNUSED_FUNCTION = YES;
				GCC_WARN_UNUSED_VARIABLE = YES;
				MACOSX_DEPLOYMENT_TARGET = 10.9;
				ONLY_ACTIVE_ARCH = YES;
				SDKROOT = macosx;
			};
			name = Debug;
		};
		E43A56301892629800559FDE /* Release */ = {
			isa = XCBuildConfiguration;
			buildSettings = {
				ALWAYS_SEARCH_USER_PATHS = NO;
				CLANG_CXX_LANGUAGE_STANDARD = "gnu++0x";
				CLANG_CXX_LIBRARY = "libc++";
				CLANG_ENABLE_OBJC_ARC = YES;
				CLANG_WARN_BOOL_CONVERSION = YES;
				CLANG_WARN_CONSTANT_CONVERSION = YES;
				CLANG_WARN_DIRECT_OBJC_ISA_USAGE = YES_ERROR;
				CLANG_WARN_EMPTY_BODY = YES;
				CLANG_WARN_ENUM_CONVERSION = YES;
				CLANG_WARN_INT_CONVERSION = YES;
				CLANG_WARN_OBJC_ROOT_CLASS = YES_ERROR;
				CLANG_WARN__DUPLICATE_METHOD_MATCH = YES;
				COPY_PHASE_STRIP = YES;
				DEBUG_INFORMATION_FORMAT = "dwarf-with-dsym";
				ENABLE_NS_ASSERTIONS = NO;
				GCC_C_LANGUAGE_STANDARD = gnu99;
				GCC_ENABLE_OBJC_EXCEPTIONS = YES;
				GCC_WARN_64_TO_32_BIT_CONVERSION = YES;
				GCC_WARN_ABOUT_RETURN_TYPE = YES_ERROR;
				GCC_WARN_UNDECLARED_SELECTOR = YES;
				GCC_WARN_UNINITIALIZED_AUTOS = YES;
				GCC_WARN_UNUSED_FUNCTION = YES;
				GCC_WARN_UNUSED_VARIABLE = YES;
				MACOSX_DEPLOYMENT_TARGET = 10.9;
				SDKROOT = macosx;
			};
			name = Release;
		};
		E43A56321892629800559FDE /* Debug */ = {
			isa = XCBuildConfiguration;
			buildSettings = {
				PRODUCT_NAME = "$(TARGET_NAME)";
			};
			name = Debug;
		};
		E43A56331892629800559FDE /* Release */ = {
			isa = XCBuildConfiguration;
			buildSettings = {
				PRODUCT_NAME = "$(TARGET_NAME)";
			};
			name = Release;
		};
/* End XCBuildConfiguration section */

/* Begin XCConfigurationList section */
		E43A561D1892629700559FDE /* Build configuration list for PBXProject "test" */ = {
			isa = XCConfigurationList;
			buildConfigurations = (
				E43A562F1892629800559FDE /* Debug */,
				E43A56301892629800559FDE /* Release */,
			);
			defaultConfigurationIsVisible = 0;
			defaultConfigurationName = Release;
		};
		E43A56311892629800559FDE /* Build configuration list for PBXNativeTarget "test" */ = {
			isa = XCConfigurationList;
			buildConfigurations = (
				E43A56321892629800559FDE /* Debug */,
				E43A56331892629800559FDE /* Release */,
			);
			defaultConfigurationIsVisible = 0;
		};
/* End XCConfigurationList section */
	};
	rootObject = E43A561A1892629700559FDE /* Project object */;
}
